// !$*UTF8*$!
{
	archiveVersion = 1;
	classes = {
	};
	objectVersion = 50;
	objects = {

/* Begin PBXBuildFile section */
		A55AAD602588C17500F08486 /* AppDelegate.swift in Sources */ = {isa = PBXBuildFile; fileRef = A55AAD5F2588C17500F08486 /* AppDelegate.swift */; };
		A55AAD622588C17500F08486 /* SceneDelegate.swift in Sources */ = {isa = PBXBuildFile; fileRef = A55AAD612588C17500F08486 /* SceneDelegate.swift */; };
		A55AAD642588C17500F08486 /* ViewController.swift in Sources */ = {isa = PBXBuildFile; fileRef = A55AAD632588C17500F08486 /* ViewController.swift */; };
		A55AAD672588C17500F08486 /* Main.storyboard in Resources */ = {isa = PBXBuildFile; fileRef = A55AAD652588C17500F08486 /* Main.storyboard */; };
		A55AAD692588C17700F08486 /* Assets.xcassets in Resources */ = {isa = PBXBuildFile; fileRef = A55AAD682588C17700F08486 /* Assets.xcassets */; };
		A55AAD6C2588C17700F08486 /* LaunchScreen.storyboard in Resources */ = {isa = PBXBuildFile; fileRef = A55AAD6A2588C17700F08486 /* LaunchScreen.storyboard */; };
		A55AAD752588C2B000F08486 /* WelcomeViewController.swift in Sources */ = {isa = PBXBuildFile; fileRef = A55AAD742588C2B000F08486 /* WelcomeViewController.swift */; };
		A55AAD782588C2E900F08486 /* Core.swift in Sources */ = {isa = PBXBuildFile; fileRef = A55AAD772588C2E900F08486 /* Core.swift */; };
/* End PBXBuildFile section */

/* Begin PBXFileReference section */
		A55AAD5C2588C17500F08486 /* OnBoardingFlow.app */ = {isa = PBXFileReference; explicitFileType = wrapper.application; includeInIndex = 0; path = OnBoardingFlow.app; sourceTree = BUILT_PRODUCTS_DIR; };
		A55AAD5F2588C17500F08486 /* AppDelegate.swift */ = {isa = PBXFileReference; lastKnownFileType = sourcecode.swift; path = AppDelegate.swift; sourceTree = "<group>"; };
		A55AAD612588C17500F08486 /* SceneDelegate.swift */ = {isa = PBXFileReference; lastKnownFileType = sourcecode.swift; path = SceneDelegate.swift; sourceTree = "<group>"; };
		A55AAD632588C17500F08486 /* ViewController.swift */ = {isa = PBXFileReference; lastKnownFileType = sourcecode.swift; path = ViewController.swift; sourceTree = "<group>"; };
		A55AAD662588C17500F08486 /* Base */ = {isa = PBXFileReference; lastKnownFileType = file.storyboard; name = Base; path = Base.lproj/Main.storyboard; sourceTree = "<group>"; };
		A55AAD682588C17700F08486 /* Assets.xcassets */ = {isa = PBXFileReference; lastKnownFileType = folder.assetcatalog; path = Assets.xcassets; sourceTree = "<group>"; };
		A55AAD6B2588C17700F08486 /* Base */ = {isa = PBXFileReference; lastKnownFileType = file.storyboard; name = Base; path = Base.lproj/LaunchScreen.storyboard; sourceTree = "<group>"; };
		A55AAD6D2588C17700F08486 /* Info.plist */ = {isa = PBXFileReference; lastKnownFileType = text.plist.xml; path = Info.plist; sourceTree = "<group>"; };
		A55AAD742588C2B000F08486 /* WelcomeViewController.swift */ = {isa = PBXFileReference; lastKnownFileType = sourcecode.swift; path = WelcomeViewController.swift; sourceTree = "<group>"; };
		A55AAD772588C2E900F08486 /* Core.swift */ = {isa = PBXFileReference; lastKnownFileType = sourcecode.swift; path = Core.swift; sourceTree = "<group>"; };
/* End PBXFileReference section */

/* Begin PBXFrameworksBuildPhase section */
		A55AAD592588C17500F08486 /* Frameworks */ = {
			isa = PBXFrameworksBuildPhase;
			buildActionMask = 2147483647;
			files = (
			);
			runOnlyForDeploymentPostprocessing = 0;
		};
/* End PBXFrameworksBuildPhase section */

/* Begin PBXGroup section */
		A55AAD532588C17500F08486 = {
			isa = PBXGroup;
			children = (
				A55AAD5E2588C17500F08486 /* OnBoardingFlow */,
				A55AAD5D2588C17500F08486 /* Products */,
			);
			sourceTree = "<group>";
		};
		A55AAD5D2588C17500F08486 /* Products */ = {
			isa = PBXGroup;
			children = (
				A55AAD5C2588C17500F08486 /* OnBoardingFlow.app */,
			);
			name = Products;
			sourceTree = "<group>";
		};
		A55AAD5E2588C17500F08486 /* OnBoardingFlow */ = {
			isa = PBXGroup;
			children = (
				A55AAD5F2588C17500F08486 /* AppDelegate.swift */,
				A55AAD612588C17500F08486 /* SceneDelegate.swift */,
				A55AAD632588C17500F08486 /* ViewController.swift */,
				A55AAD652588C17500F08486 /* Main.storyboard */,
				A55AAD682588C17700F08486 /* Assets.xcassets */,
				A55AAD6A2588C17700F08486 /* LaunchScreen.storyboard */,
				A55AAD6D2588C17700F08486 /* Info.plist */,
				A55AAD742588C2B000F08486 /* WelcomeViewController.swift */,
				A55AAD772588C2E900F08486 /* Core.swift */,
			);
			path = OnBoardingFlow;
			sourceTree = "<group>";
		};
/* End PBXGroup section */

/* Begin PBXNativeTarget section */
		A55AAD5B2588C17500F08486 /* OnBoardingFlow */ = {
			isa = PBXNativeTarget;
			buildConfigurationList = A55AAD702588C17700F08486 /* Build configuration list for PBXNativeTarget "OnBoardingFlow" */;
			buildPhases = (
				A55AAD582588C17500F08486 /* Sources */,
				A55AAD592588C17500F08486 /* Frameworks */,
				A55AAD5A2588C17500F08486 /* Resources */,
			);
			buildRules = (
			);
			dependencies = (
			);
			name = OnBoardingFlow;
			productName = OnBoardingFlow;
			productReference = A55AAD5C2588C17500F08486 /* OnBoardingFlow.app */;
			productType = "com.apple.product-type.application";
		};
/* End PBXNativeTarget section */

/* Begin PBXProject section */
		A55AAD542588C17500F08486 /* Project object */ = {
			isa = PBXProject;
			attributes = {
				LastSwiftUpdateCheck = 1220;
				LastUpgradeCheck = 1220;
				TargetAttributes = {
					A55AAD5B2588C17500F08486 = {
						CreatedOnToolsVersion = 12.2;
					};
				};
			};
			buildConfigurationList = A55AAD572588C17500F08486 /* Build configuration list for PBXProject "OnBoardingFlow" */;
			compatibilityVersion = "Xcode 9.3";
			developmentRegion = en;
			hasScannedForEncodings = 0;
			knownRegions = (
				en,
				Base,
			);
			mainGroup = A55AAD532588C17500F08486;
			productRefGroup = A55AAD5D2588C17500F08486 /* Products */;
			projectDirPath = "";
			projectRoot = "";
			targets = (
				A55AAD5B2588C17500F08486 /* OnBoardingFlow */,
			);
		};
/* End PBXProject section */

/* Begin PBXResourcesBuildPhase section */
		A55AAD5A2588C17500F08486 /* Resources */ = {
			isa = PBXResourcesBuildPhase;
			buildActionMask = 2147483647;
			files = (
				A55AAD6C2588C17700F08486 /* LaunchScreen.storyboard in Resources */,
				A55AAD692588C17700F08486 /* Assets.xcassets in Resources */,
				A55AAD672588C17500F08486 /* Main.storyboard in Resources */,
			);
			runOnlyForDeploymentPostprocessing = 0;
		};
/* End PBXResourcesBuildPhase section */

/* Begin PBXSourcesBuildPhase section */
		A55AAD582588C17500F08486 /* Sources */ = {
			isa = PBXSourcesBuildPhase;
			buildActionMask = 2147483647;
			files = (
				A55AAD642588C17500F08486 /* ViewController.swift in Sources */,
				A55AAD752588C2B000F08486 /* WelcomeViewController.swift in Sources */,
				A55AAD602588C17500F08486 /* AppDelegate.swift in Sources */,
				A55AAD782588C2E900F08486 /* Core.swift in Sources */,
				A55AAD622588C17500F08486 /* SceneDelegate.swift in Sources */,
			);
			runOnlyForDeploymentPostprocessing = 0;
		};
/* End PBXSourcesBuildPhase section */

/* Begin PBXVariantGroup section */
		A55AAD652588C17500F08486 /* Main.storyboard */ = {
			isa = PBXVariantGroup;
			children = (
				A55AAD662588C17500F08486 /* Base */,
			);
			name = Main.storyboard;
			sourceTree = "<group>";
		};
		A55AAD6A2588C17700F08486 /* LaunchScreen.storyboard */ = {
			isa = PBXVariantGroup;
			children = (
				A55AAD6B2588C17700F08486 /* Base */,
			);
			name = LaunchScreen.storyboard;
			sourceTree = "<group>";
		};
/* End PBXVariantGroup section */

/* Begin XCBuildConfiguration section */
		A55AAD6E2588C17700F08486 /* Debug */ = {
			isa = XCBuildConfiguration;
			buildSettings = {
				ALWAYS_SEARCH_USER_PATHS = NO;
				CLANG_ANALYZER_NONNULL = YES;
				CLANG_ANALYZER_NUMBER_OBJECT_CONVERSION = YES_AGGRESSIVE;
				CLANG_CXX_LANGUAGE_STANDARD = "gnu++14";
				CLANG_CXX_LIBRARY = "libc++";
				CLANG_ENABLE_MODULES = YES;
				CLANG_ENABLE_OBJC_ARC = YES;
				CLANG_ENABLE_OBJC_WEAK = YES;
				CLANG_WARN_BLOCK_CAPTURE_AUTORELEASING = YES;
				CLANG_WARN_BOOL_CONVERSION = YES;
				CLANG_WARN_COMMA = YES;
				CLANG_WARN_CONSTANT_CONVERSION = YES;
				CLANG_WARN_DEPRECATED_OBJC_IMPLEMENTATIONS = YES;
				CLANG_WARN_DIRECT_OBJC_ISA_USAGE = YES_ERROR;
				CLANG_WARN_DOCUMENTATION_COMMENTS = YES;
				CLANG_WARN_EMPTY_BODY = YES;
				CLANG_WARN_ENUM_CONVERSION = YES;
				CLANG_WARN_INFINITE_RECURSION = YES;
				CLANG_WARN_INT_CONVERSION = YES;
				CLANG_WARN_NON_LITERAL_NULL_CONVERSION = YES;
				CLANG_WARN_OBJC_IMPLICIT_RETAIN_SELF = YES;
				CLANG_WARN_OBJC_LITERAL_CONVERSION = YES;
				CLANG_WARN_OBJC_ROOT_CLASS = YES_ERROR;
				CLANG_WARN_QUOTED_INCLUDE_IN_FRAMEWORK_HEADER = YES;
				CLANG_WARN_RANGE_LOOP_ANALYSIS = YES;
				CLANG_WARN_STRICT_PROTOTYPES = YES;
				CLANG_WARN_SUSPICIOUS_MOVE = YES;
				CLANG_WARN_UNGUARDED_AVAILABILITY = YES_AGGRESSIVE;
				CLANG_WARN_UNREACHABLE_CODE = YES;
				CLANG_WARN__DUPLICATE_METHOD_MATCH = YES;
				COPY_PHASE_STRIP = NO;
				DEBUG_INFORMATION_FORMAT = dwarf;
				ENABLE_STRICT_OBJC_MSGSEND = YES;
				ENABLE_TESTABILITY = YES;
				GCC_C_LANGUAGE_STANDARD = gnu11;
				GCC_DYNAMIC_NO_PIC = NO;
				GCC_NO_COMMON_BLOCKS = YES;
				GCC_OPTIMIZATION_LEVEL = 0;
				GCC_PREPROCESSOR_DEFINITIONS = (
					"DEBUG=1",
					"$(inherited)",
				);
				GCC_WARN_64_TO_32_BIT_CONVERSION = YES;
				GCC_WARN_ABOUT_RETURN_TYPE = YES_ERROR;
				GCC_WARN_UNDECLARED_SELECTOR = YES;
				GCC_WARN_UNINITIALIZED_AUTOS = YES_AGGRESSIVE;
				GCC_WARN_UNUSED_FUNCTION = YES;
				GCC_WARN_UNUSED_VARIABLE = YES;
				IPHONEOS_DEPLOYMENT_TARGET = 14.2;
				MTL_ENABLE_DEBUG_INFO = INCLUDE_SOURCE;
				MTL_FAST_MATH = YES;
				ONLY_ACTIVE_ARCH = YES;
				SDKROOT = iphoneos;
				SWIFT_ACTIVE_COMPILATION_CONDITIONS = DEBUG;
				SWIFT_OPTIMIZATION_LEVEL = "-Onone";
			};
			name = Debug;
		};
		A55AAD6F2588C17700F08486 /* Release */ = {
			isa = XCBuildConfiguration;
			buildSettings = {
				ALWAYS_SEARCH_USER_PATHS = NO;
				CLANG_ANALYZER_NONNULL = YES;
				CLANG_ANALYZER_NUMBER_OBJECT_CONVERSION = YES_AGGRESSIVE;
				CLANG_CXX_LANGUAGE_STANDARD = "gnu++14";
				CLANG_CXX_LIBRARY = "libc++";
				CLANG_ENABLE_MODULES = YES;
				CLANG_ENABLE_OBJC_ARC = YES;
				CLANG_ENABLE_OBJC_WEAK = YES;
				CLANG_WARN_BLOCK_CAPTURE_AUTORELEASING = YES;
				CLANG_WARN_BOOL_CONVERSION = YES;
				CLANG_WARN_COMMA = YES;
				CLANG_WARN_CONSTANT_CONVERSION = YES;
				CLANG_WARN_DEPRECATED_OBJC_IMPLEMENTATIONS = YES;
				CLANG_WARN_DIRECT_OBJC_ISA_USAGE = YES_ERROR;
				CLANG_WARN_DOCUMENTATION_COMMENTS = YES;
				CLANG_WARN_EMPTY_BODY = YES;
				CLANG_WARN_ENUM_CONVERSION = YES;
				CLANG_WARN_INFINITE_RECURSION = YES;
				CLANG_WARN_INT_CONVERSION = YES;
				CLANG_WARN_NON_LITERAL_NULL_CONVERSION = YES;
				CLANG_WARN_OBJC_IMPLICIT_RETAIN_SELF = YES;
				CLANG_WARN_OBJC_LITERAL_CONVERSION = YES;
				CLANG_WARN_OBJC_ROOT_CLASS = YES_ERROR;
				CLANG_WARN_QUOTED_INCLUDE_IN_FRAMEWORK_HEADER = YES;
				CLANG_WARN_RANGE_LOOP_ANALYSIS = YES;
				CLANG_WARN_STRICT_PROTOTYPES = YES;
				CLANG_WARN_SUSPICIOUS_MOVE = YES;
				CLANG_WARN_UNGUARDED_AVAILABILITY = YES_AGGRESSIVE;
				CLANG_WARN_UNREACHABLE_CODE = YES;
				CLANG_WARN__DUPLICATE_METHOD_MATCH = YES;
				COPY_PHASE_STRIP = NO;
				DEBUG_INFORMATION_FORMAT = "dwarf-with-dsym";
				ENABLE_NS_ASSERTIONS = NO;
				ENABLE_STRICT_OBJC_MSGSEND = YES;
				GCC_C_LANGUAGE_STANDARD = gnu11;
				GCC_NO_COMMON_BLOCKS = YES;
				GCC_WARN_64_TO_32_BIT_CONVERSION = YES;
				GCC_WARN_ABOUT_RETURN_TYPE = YES_ERROR;
				GCC_WARN_UNDECLARED_SELECTOR = YES;
				GCC_WARN_UNINITIALIZED_AUTOS = YES_AGGRESSIVE;
				GCC_WARN_UNUSED_FUNCTION = YES;
				GCC_WARN_UNUSED_VARIABLE = YES;
				IPHONEOS_DEPLOYMENT_TARGET = 14.2;
				MTL_ENABLE_DEBUG_INFO = NO;
				MTL_FAST_MATH = YES;
				SDKROOT = iphoneos;
				SWIFT_COMPILATION_MODE = wholemodule;
				SWIFT_OPTIMIZATION_LEVEL = "-O";
				VALIDATE_PRODUCT = YES;
			};
			name = Release;
		};
		A55AAD712588C17700F08486 /* Debug */ = {
			isa = XCBuildConfiguration;
			buildSettings = {
				ASSETCATALOG_COMPILER_APPICON_NAME = AppIcon;
				ASSETCATALOG_COMPILER_GLOBAL_ACCENT_COLOR_NAME = AccentColor;
				CODE_SIGN_STYLE = Automatic;
				DEVELOPMENT_TEAM = GUF6JQVK4V;
				INFOPLIST_FILE = OnBoardingFlow/Info.plist;
				LD_RUNPATH_SEARCH_PATHS = (
					"$(inherited)",
					"@executable_path/Frameworks",
				);
				PRODUCT_BUNDLE_IDENTIFIER = com.chsherbaksergey.OnBoardingFlow;
				PRODUCT_NAME = "$(TARGET_NAME)";
				SWIFT_VERSION = 5.0;
				TARGETED_DEVICE_FAMILY = "1,2";
			};
			name = Debug;
		};
		A55AAD722588C17700F08486 /* Release */ = {
			isa = XCBuildConfiguration;
			buildSettings = {
				ASSETCATALOG_COMPILER_APPICON_NAME = AppIcon;
				ASSETCATALOG_COMPILER_GLOBAL_ACCENT_COLOR_NAME = AccentColor;
				CODE_SIGN_STYLE = Automatic;
				DEVELOPMENT_TEAM = GUF6JQVK4V;
				INFOPLIST_FILE = OnBoardingFlow/Info.plist;
				LD_RUNPATH_SEARCH_PATHS = (
					"$(inherited)",
					"@executable_path/Frameworks",
				);
				PRODUCT_BUNDLE_IDENTIFIER = com.chsherbaksergey.OnBoardingFlow;
				PRODUCT_NAME = "$(TARGET_NAME)";
				SWIFT_VERSION = 5.0;
				TARGETED_DEVICE_FAMILY = "1,2";
			};
			name = Release;
		};
/* End XCBuildConfiguration section */

/* Begin XCConfigurationList section */
		A55AAD572588C17500F08486 /* Build configuration list for PBXProject "OnBoardingFlow" */ = {
			isa = XCConfigurationList;
			buildConfigurations = (
				A55AAD6E2588C17700F08486 /* Debug */,
				A55AAD6F2588C17700F08486 /* Release */,
			);
			defaultConfigurationIsVisible = 0;
			defaultConfigurationName = Release;
		};
		A55AAD702588C17700F08486 /* Build configuration list for PBXNativeTarget "OnBoardingFlow" */ = {
			isa = XCConfigurationList;
			buildConfigurations = (
				A55AAD712588C17700F08486 /* Debug */,
				A55AAD722588C17700F08486 /* Release */,
			);
			defaultConfigurationIsVisible = 0;
			defaultConfigurationName = Release;
		};
/* End XCConfigurationList section */
	};
	rootObject = A55AAD542588C17500F08486 /* Project object */;
}
